
Microsoft Visual Studio Solution File, Format Version 12.00
# Visual Studio Version 16
VisualStudioVersion = 16.0.31005.135
MinimumVisualStudioVersion = 10.0.40219.1
Project("{FAE04EC0-301F-11D3-BF4B-00C04F79EFBC}") = "MovieDB.Api", "MovieDB.Api\MovieDB.Api.csproj", "{F52E9CE6-F49A-43E1-BDBA-4323B30F6BBA}"
EndProject
Project("{FAE04EC0-301F-11D3-BF4B-00C04F79EFBC}") = "MovieDB.Api.UnitTests", "MovieDB.Api.UnitTests\MovieDB.Api.UnitTests.csproj", "{054B8F32-8FDE-4A9C-A731-5AFD90880B58}"
EndProject
Global
	GlobalSection(SolutionConfigurationPlatforms) = preSolution
		Debug|Any CPU = Debug|Any CPU
		Release|Any CPU = Release|Any CPU
	EndGlobalSection
	GlobalSection(ProjectConfigurationPlatforms) = postSolution
		{F52E9CE6-F49A-43E1-BDBA-4323B30F6BBA}.Debug|Any CPU.ActiveCfg = Debug|Any CPU
		{F52E9CE6-F49A-43E1-BDBA-4323B30F6BBA}.Debug|Any CPU.Build.0 = Debug|Any CPU
		{F52E9CE6-F49A-43E1-BDBA-4323B30F6BBA}.Release|Any CPU.ActiveCfg = Release|Any CPU
		{F52E9CE6-F49A-43E1-BDBA-4323B30F6BBA}.Release|Any CPU.Build.0 = Release|Any CPU
		{054B8F32-8FDE-4A9C-A731-5AFD90880B58}.Debug|Any CPU.ActiveCfg = Debug|Any CPU
		{054B8F32-8FDE-4A9C-A731-5AFD90880B58}.Debug|Any CPU.Build.0 = Debug|Any CPU
		{054B8F32-8FDE-4A9C-A731-5AFD90880B58}.Release|Any CPU.ActiveCfg = Release|Any CPU
		{054B8F32-8FDE-4A9C-A731-5AFD90880B58}.Release|Any CPU.Build.0 = Release|Any CPU
	EndGlobalSection
	GlobalSection(SolutionProperties) = preSolution
		HideSolutionNode = FALSE
	EndGlobalSection
	GlobalSection(ExtensibilityGlobals) = postSolution
		SolutionGuid = {7A1D21F2-7376-4CC5-89AD-618BD3272023}
	EndGlobalSection
EndGlobal
